
Microsoft Visual Studio Solution File, Format Version 12.00
# Visual Studio Version 17
VisualStudioVersion = 17.12.35527.113
MinimumVisualStudioVersion = 10.0.40219.1
Project("{FAE04EC0-301F-11D3-BF4B-00C04F79EFBC}") = "F1Tipping", "F1Tipping\F1Tipping.csproj", "{865B9A9F-AAA9-4C30-9DEE-73FABF93232A}"
	ProjectSection(ProjectDependencies) = postProject
		{A95BFCAA-8636-48AB-A8CD-FF4243299733} = {A95BFCAA-8636-48AB-A8CD-FF4243299733}
	EndProjectSection
EndProject
Project("{2150E333-8FDC-42A3-9474-1A3956D46DE8}") = "Solution Items", "Solution Items", "{1B3FB988-C93E-4F19-B204-EA953D1C8095}"
	ProjectSection(SolutionItems) = preProject
		.editorconfig = .editorconfig
	EndProjectSection
EndProject
Project("{FAE04EC0-301F-11D3-BF4B-00C04F79EFBC}") = "F1Tipping.Model", "F1Tipping.Model\F1Tipping.Model.csproj", "{A95BFCAA-8636-48AB-A8CD-FF4243299733}"
EndProject
Project("{FAE04EC0-301F-11D3-BF4B-00C04F79EFBC}") = "F1Tipping.Common", "F1Tipping.Common\F1Tipping.Common.csproj", "{20F43096-054F-4A90-AD52-3C33600BB051}"
EndProject
Project("{2150E333-8FDC-42A3-9474-1A3956D46DE8}") = "Migrations", "Migrations", "{02EA681E-C7D8-13C7-8484-4AC65E1B71E8}"
EndProject
Project("{FAE04EC0-301F-11D3-BF4B-00C04F79EFBC}") = "F1Tipping.SqlServer", "F1Tipping.SqlServer\F1Tipping.SqlServer.csproj", "{0A36231E-A178-4541-85AF-20D5380713DA}"
EndProject
Project("{FAE04EC0-301F-11D3-BF4B-00C04F79EFBC}") = "F1Tipping.Postgres", "F1Tipping.Postgres\F1Tipping.Postgres.csproj", "{A562AF30-AA06-4F1A-B7CD-F79C4FC77087}"
EndProject
Project("{FAE04EC0-301F-11D3-BF4B-00C04F79EFBC}") = "F1Tipping.Data", "F1Tipping.Data\F1Tipping.Data.csproj", "{1E85C194-0C56-4A99-B16E-C57CFEFD2E90}"
EndProject
Global
	GlobalSection(SolutionConfigurationPlatforms) = preSolution
		Debug|Any CPU = Debug|Any CPU
		Debug|x64 = Debug|x64
		Release|Any CPU = Release|Any CPU
		Release|x64 = Release|x64
	EndGlobalSection
	GlobalSection(ProjectConfigurationPlatforms) = postSolution
		{865B9A9F-AAA9-4C30-9DEE-73FABF93232A}.Debug|Any CPU.ActiveCfg = Debug|Any CPU
		{865B9A9F-AAA9-4C30-9DEE-73FABF93232A}.Debug|Any CPU.Build.0 = Debug|Any CPU
		{865B9A9F-AAA9-4C30-9DEE-73FABF93232A}.Debug|x64.ActiveCfg = Debug|x64
		{865B9A9F-AAA9-4C30-9DEE-73FABF93232A}.Debug|x64.Build.0 = Debug|x64
		{865B9A9F-AAA9-4C30-9DEE-73FABF93232A}.Release|Any CPU.ActiveCfg = Release|Any CPU
		{865B9A9F-AAA9-4C30-9DEE-73FABF93232A}.Release|Any CPU.Build.0 = Release|Any CPU
		{865B9A9F-AAA9-4C30-9DEE-73FABF93232A}.Release|x64.ActiveCfg = Release|x64
		{865B9A9F-AAA9-4C30-9DEE-73FABF93232A}.Release|x64.Build.0 = Release|x64
		{A95BFCAA-8636-48AB-A8CD-FF4243299733}.Debug|Any CPU.ActiveCfg = Debug|Any CPU
		{A95BFCAA-8636-48AB-A8CD-FF4243299733}.Debug|Any CPU.Build.0 = Debug|Any CPU
		{A95BFCAA-8636-48AB-A8CD-FF4243299733}.Debug|x64.ActiveCfg = Debug|Any CPU
		{A95BFCAA-8636-48AB-A8CD-FF4243299733}.Debug|x64.Build.0 = Debug|Any CPU
		{A95BFCAA-8636-48AB-A8CD-FF4243299733}.Release|Any CPU.ActiveCfg = Release|Any CPU
		{A95BFCAA-8636-48AB-A8CD-FF4243299733}.Release|Any CPU.Build.0 = Release|Any CPU
		{A95BFCAA-8636-48AB-A8CD-FF4243299733}.Release|x64.ActiveCfg = Release|Any CPU
		{A95BFCAA-8636-48AB-A8CD-FF4243299733}.Release|x64.Build.0 = Release|Any CPU
		{20F43096-054F-4A90-AD52-3C33600BB051}.Debug|Any CPU.ActiveCfg = Debug|Any CPU
		{20F43096-054F-4A90-AD52-3C33600BB051}.Debug|Any CPU.Build.0 = Debug|Any CPU
		{20F43096-054F-4A90-AD52-3C33600BB051}.Debug|x64.ActiveCfg = Debug|Any CPU
		{20F43096-054F-4A90-AD52-3C33600BB051}.Debug|x64.Build.0 = Debug|Any CPU
		{20F43096-054F-4A90-AD52-3C33600BB051}.Release|Any CPU.ActiveCfg = Release|Any CPU
		{20F43096-054F-4A90-AD52-3C33600BB051}.Release|Any CPU.Build.0 = Release|Any CPU
		{20F43096-054F-4A90-AD52-3C33600BB051}.Release|x64.ActiveCfg = Release|Any CPU
		{20F43096-054F-4A90-AD52-3C33600BB051}.Release|x64.Build.0 = Release|Any CPU
		{0A36231E-A178-4541-85AF-20D5380713DA}.Debug|Any CPU.ActiveCfg = Debug|Any CPU
		{0A36231E-A178-4541-85AF-20D5380713DA}.Debug|Any CPU.Build.0 = Debug|Any CPU
		{0A36231E-A178-4541-85AF-20D5380713DA}.Debug|x64.ActiveCfg = Debug|Any CPU
		{0A36231E-A178-4541-85AF-20D5380713DA}.Debug|x64.Build.0 = Debug|Any CPU
		{0A36231E-A178-4541-85AF-20D5380713DA}.Release|Any CPU.ActiveCfg = Release|Any CPU
		{0A36231E-A178-4541-85AF-20D5380713DA}.Release|Any CPU.Build.0 = Release|Any CPU
		{0A36231E-A178-4541-85AF-20D5380713DA}.Release|x64.ActiveCfg = Release|Any CPU
		{0A36231E-A178-4541-85AF-20D5380713DA}.Release|x64.Build.0 = Release|Any CPU
		{A562AF30-AA06-4F1A-B7CD-F79C4FC77087}.Debug|Any CPU.ActiveCfg = Debug|Any CPU
		{A562AF30-AA06-4F1A-B7CD-F79C4FC77087}.Debug|Any CPU.Build.0 = Debug|Any CPU
		{A562AF30-AA06-4F1A-B7CD-F79C4FC77087}.Debug|x64.ActiveCfg = Debug|Any CPU
		{A562AF30-AA06-4F1A-B7CD-F79C4FC77087}.Debug|x64.Build.0 = Debug|Any CPU
		{A562AF30-AA06-4F1A-B7CD-F79C4FC77087}.Release|Any CPU.ActiveCfg = Release|Any CPU
		{A562AF30-AA06-4F1A-B7CD-F79C4FC77087}.Release|Any CPU.Build.0 = Release|Any CPU
		{A562AF30-AA06-4F1A-B7CD-F79C4FC77087}.Release|x64.ActiveCfg = Release|Any CPU
		{A562AF30-AA06-4F1A-B7CD-F79C4FC77087}.Release|x64.Build.0 = Release|Any CPU
		{1E85C194-0C56-4A99-B16E-C57CFEFD2E90}.Debug|Any CPU.ActiveCfg = Debug|Any CPU
		{1E85C194-0C56-4A99-B16E-C57CFEFD2E90}.Debug|Any CPU.Build.0 = Debug|Any CPU
		{1E85C194-0C56-4A99-B16E-C57CFEFD2E90}.Debug|x64.ActiveCfg = Debug|Any CPU
		{1E85C194-0C56-4A99-B16E-C57CFEFD2E90}.Debug|x64.Build.0 = Debug|Any CPU
		{1E85C194-0C56-4A99-B16E-C57CFEFD2E90}.Release|Any CPU.ActiveCfg = Release|Any CPU
		{1E85C194-0C56-4A99-B16E-C57CFEFD2E90}.Release|Any CPU.Build.0 = Release|Any CPU
		{1E85C194-0C56-4A99-B16E-C57CFEFD2E90}.Release|x64.ActiveCfg = Release|Any CPU
		{1E85C194-0C56-4A99-B16E-C57CFEFD2E90}.Release|x64.Build.0 = Release|Any CPU
	EndGlobalSection
	GlobalSection(SolutionProperties) = preSolution
		HideSolutionNode = FALSE
	EndGlobalSection
	GlobalSection(NestedProjects) = preSolution
		{0A36231E-A178-4541-85AF-20D5380713DA} = {02EA681E-C7D8-13C7-8484-4AC65E1B71E8}
		{A562AF30-AA06-4F1A-B7CD-F79C4FC77087} = {02EA681E-C7D8-13C7-8484-4AC65E1B71E8}
	EndGlobalSection
	GlobalSection(ExtensibilityGlobals) = postSolution
		SolutionGuid = {B0AA580D-328A-4600-80CD-8022223633C9}
	EndGlobalSection
EndGlobal
